{
  "nodes": {
    "advisory-db": {
      "flake": false,
      "locked": {
        "lastModified": 1707701931,
        "narHash": "sha256-SD+GqWH1XxzGmQZVJkPr0w6Sz8XlNfC7/xqJ5SG63gQ=",
        "owner": "rustsec",
        "repo": "advisory-db",
        "rev": "13e916a95394c05ce64bdf2786f40564b8099e1e",
        "type": "github"
      },
      "original": {
        "owner": "rustsec",
        "repo": "advisory-db",
        "type": "github"
      }
    },
    "crane": {
      "inputs": {
        "nixpkgs": "nixpkgs"
      },
      "locked": {
        "lastModified": 1707685877,
        "narHash": "sha256-XoXRS+5whotelr1rHiZle5t5hDg9kpguS5yk8c8qzOc=",
        "owner": "ipetkov",
        "repo": "crane",
        "rev": "2c653e4478476a52c6aa3ac0495e4dea7449ea0e",
        "type": "github"
      },
      "original": {
        "owner": "ipetkov",
        "repo": "crane",
        "type": "github"
      }
    },
    "fenix": {
      "inputs": {
        "nixpkgs": [
          "nixify",
          "nixpkgs-nixos"
        ],
        "rust-analyzer-src": "rust-analyzer-src"
      },
      "locked": {
        "lastModified": 1706941198,
        "narHash": "sha256-t6/qloMYdknVJ9a3QzjylQIZnQfgefJ5kMim50B7dwA=",
        "owner": "nix-community",
        "repo": "fenix",
        "rev": "28dbd8b43ea328ee708f7da538c63e03d5ed93c8",
        "type": "github"
      },
      "original": {
        "owner": "nix-community",
        "repo": "fenix",
        "type": "github"
      }
    },
    "flake-utils": {
      "inputs": {
        "systems": "systems"
      },
      "locked": {
        "lastModified": 1705309234,
        "narHash": "sha256-uNRRNRKmJyCRC/8y1RqBkqWBLM034y4qN7EprSdmgyA=",
        "owner": "numtide",
        "repo": "flake-utils",
        "rev": "1ef2e671c3b0c19053962c07dbda38332dcebf26",
        "type": "github"
      },
      "original": {
        "owner": "numtide",
        "repo": "flake-utils",
        "type": "github"
      }
    },
    "macos-sdk": {
      "flake": false,
      "locked": {
        "lastModified": 1693509154,
        "narHash": "sha256-TEvVJy+NMPyzgWSk/6S29ZMQR+ICFxSdS3tw247uhFc=",
        "type": "tarball",
        "url": "https://github.com/roblabla/MacOSX-SDKs/releases/download/macosx14.0/MacOSX14.0.sdk.tar.xz"
      },
      "original": {
        "type": "tarball",
        "url": "https://github.com/roblabla/MacOSX-SDKs/releases/download/macosx14.0/MacOSX14.0.sdk.tar.xz"
      }
    },
    "nix-filter": {
      "locked": {
        "lastModified": 1705332318,
        "narHash": "sha256-kcw1yFeJe9N4PjQji9ZeX47jg0p9A0DuU4djKvg1a7I=",
        "owner": "numtide",
        "repo": "nix-filter",
        "rev": "3449dc925982ad46246cfc36469baf66e1b64f17",
        "type": "github"
      },
      "original": {
        "owner": "numtide",
        "repo": "nix-filter",
        "type": "github"
      }
    },
    "nix-flake-tests": {
      "locked": {
        "lastModified": 1677844186,
        "narHash": "sha256-ErJZ/Gs1rxh561CJeWP5bohA2IcTq1rDneu1WT6CVII=",
        "owner": "antifuchs",
        "repo": "nix-flake-tests",
        "rev": "bbd9216bd0f6495bb961a8eb8392b7ef55c67afb",
        "type": "github"
      },
      "original": {
        "owner": "antifuchs",
        "repo": "nix-flake-tests",
        "type": "github"
      }
    },
    "nix-log": {
      "inputs": {
        "nix-flake-tests": "nix-flake-tests",
        "nixify": [
          "nixify"
        ],
        "nixlib": [
          "nixlib"
        ]
      },
      "locked": {
        "lastModified": 1681933283,
        "narHash": "sha256-phDsQdaoUEI4DUTErR6Tz7lS0y3kXvDwwbqtxpzd0eo=",
        "owner": "rvolosatovs",
        "repo": "nix-log",
        "rev": "833d31e3c1a677eac81ba87e777afa5076071d66",
        "type": "github"
      },
      "original": {
        "owner": "rvolosatovs",
        "repo": "nix-log",
        "type": "github"
      }
    },
    "nixify": {
      "inputs": {
        "advisory-db": "advisory-db",
        "crane": "crane",
        "fenix": "fenix",
        "flake-utils": "flake-utils",
        "macos-sdk": "macos-sdk",
        "nix-filter": "nix-filter",
        "nix-log": [
          "nix-log"
        ],
        "nixlib": [
          "nixlib"
        ],
        "nixpkgs-darwin": "nixpkgs-darwin",
        "nixpkgs-jshon": "nixpkgs-jshon",
        "nixpkgs-nixos": "nixpkgs-nixos",
        "rust-overlay": "rust-overlay"
      },
      "locked": {
        "lastModified": 1707820707,
        "narHash": "sha256-ng3I+UX+glHSgqAhDpEVtOSl6dJGFFIvJEsyO583zuA=",
        "owner": "rvolosatovs",
        "repo": "nixify",
        "rev": "3e34d28daa53c41ae615360f4c106cc1771ae869",
        "type": "github"
      },
      "original": {
        "owner": "rvolosatovs",
        "repo": "nixify",
        "type": "github"
      }
    },
    "nixlib": {
      "locked": {
        "lastModified": 1707612395,
        "narHash": "sha256-iqWiOQY+OwL0Yqdqy1dEWsMMpht+0eSlmtpZ5Rws16Y=",
        "owner": "nix-community",
        "repo": "nixpkgs.lib",
        "rev": "240f2ff0ed2aac2b91efa29ba3d325526824205b",
        "type": "github"
      },
      "original": {
        "owner": "nix-community",
        "repo": "nixpkgs.lib",
        "type": "github"
      }
    },
    "nixpkgs": {
      "locked": {
        "lastModified": 1706925685,
        "narHash": "sha256-hVInjWMmgH4yZgA4ZtbgJM1qEAel72SYhP5nOWX4UIM=",
        "owner": "NixOS",
        "repo": "nixpkgs",
        "rev": "79a13f1437e149dc7be2d1290c74d378dad60814",
        "type": "github"
      },
      "original": {
        "owner": "NixOS",
        "ref": "nixpkgs-unstable",
        "repo": "nixpkgs",
        "type": "github"
      }
    },
    "nixpkgs-darwin": {
      "locked": {
        "lastModified": 1707754611,
        "narHash": "sha256-FOEi58hIWGZnJ3zy7/zyfV5AfEJmekumktpuUMrQAbQ=",
        "owner": "nixos",
        "repo": "nixpkgs",
        "rev": "6716c0e608eed726549fd92704b9a7a7077bdf00",
        "type": "github"
      },
      "original": {
        "owner": "nixos",
        "ref": "nixpkgs-23.11-darwin",
        "repo": "nixpkgs",
        "type": "github"
      }
    },
    "nixpkgs-jshon": {
      "locked": {
        "lastModified": 1701781644,
        "narHash": "sha256-z6MHVdvNM6PnwxofjyCTXYrDCRB6dXs82lMyAxfK2ik=",
        "owner": "nixos",
        "repo": "nixpkgs",
        "rev": "89023fc074c2333ec5f1d28075602c94341655d2",
        "type": "github"
      },
      "original": {
        "owner": "nixos",
        "repo": "nixpkgs",
        "rev": "89023fc074c2333ec5f1d28075602c94341655d2",
        "type": "github"
      }
    },
    "nixpkgs-nixos": {
      "locked": {
        "lastModified": 1707650010,
        "narHash": "sha256-dOhphIA4MGrH4ElNCy/OlwmN24MsnEqFjRR6+RY7jZw=",
        "owner": "nixos",
        "repo": "nixpkgs",
        "rev": "809cca784b9f72a5ad4b991e0e7bcf8890f9c3a6",
        "type": "github"
      },
      "original": {
        "owner": "nixos",
        "ref": "nixos-23.11",
        "repo": "nixpkgs",
        "type": "github"
      }
    },
    "root": {
      "inputs": {
        "nix-log": "nix-log",
        "nixify": "nixify",
        "nixlib": "nixlib"
      }
    },
    "rust-analyzer-src": {
      "flake": false,
      "locked": {
        "lastModified": 1706875368,
        "narHash": "sha256-KOBXxNurIU2lEmO6lR2A5El32X9x8ITt25McxKZ/Ew0=",
        "owner": "rust-lang",
        "repo": "rust-analyzer",
        "rev": "8f6a72871ec87ed53cfe43a09fb284168a284e7e",
        "type": "github"
      },
      "original": {
        "owner": "rust-lang",
        "ref": "nightly",
        "repo": "rust-analyzer",
        "type": "github"
      }
    },
    "rust-overlay": {
      "inputs": {
        "flake-utils": [
          "nixify",
          "flake-utils"
        ],
        "nixpkgs": [
          "nixify",
          "nixpkgs-nixos"
        ]
      },
      "locked": {
        "lastModified": 1707703915,
        "narHash": "sha256-Vej69igzNr3eVDca6+32uO+TXjVWx6ZUwwy3iZuzhJ4=",
        "owner": "oxalica",
        "repo": "rust-overlay",
        "rev": "e6679d2ff9136d00b3a7168d2bf1dff9e84c5758",
        "type": "github"
      },
      "original": {
        "owner": "oxalica",
        "repo": "rust-overlay",
        "type": "github"
      }
    },
    "systems": {
      "locked": {
        "lastModified": 1681028828,
        "narHash": "sha256-Vy1rq5AaRuLzOxct8nz4T6wlgyUR7zLU309k9mBC768=",
        "owner": "nix-systems",
        "repo": "default",
        "rev": "da67096a3b9bf56a91d16901293e51ba5b49a27e",
        "type": "github"
      },
      "original": {
        "owner": "nix-systems",
        "repo": "default",
        "type": "github"
      }
    }
  },
  "root": "root",
  "version": 7
}
