{
  "nodes": {
    "advisory-db": {
      "flake": false,
      "locked": {
        "lastModified": 1761631338,
        "narHash": "sha256-F6dlUrDiShwhMfPR+WoVmaQguGdEwjW9SI4nKlkay7c=",
        "owner": "rustsec",
        "repo": "advisory-db",
        "rev": "2e45336771e36acf5bcefe7c99280ab214719707",
        "type": "github"
      },
      "original": {
        "owner": "rustsec",
        "repo": "advisory-db",
        "type": "github"
      }
    },
    "crane": {
      "locked": {
        "lastModified": 1760924934,
        "narHash": "sha256-tuuqY5aU7cUkR71sO2TraVKK2boYrdW3gCSXUkF4i44=",
        "owner": "ipetkov",
        "repo": "crane",
        "rev": "c6b4d5308293d0d04fcfeee92705017537cad02f",
        "type": "github"
      },
      "original": {
        "owner": "ipetkov",
        "repo": "crane",
        "type": "github"
      }
    },
    "fenix": {
      "inputs": {
        "nixpkgs": [
          "nixify",
          "nixpkgs-nixos"
        ],
        "rust-analyzer-src": "rust-analyzer-src"
      },
      "locked": {
        "lastModified": 1762065744,
        "narHash": "sha256-c04mxJoCb8f6BBrdaREWmdQq+pfp395olXhC+B0G7DI=",
        "owner": "nix-community",
        "repo": "fenix",
        "rev": "e0f24085a4a0da1c32adc308ec4c518ae886ff35",
        "type": "github"
      },
      "original": {
        "owner": "nix-community",
        "repo": "fenix",
        "type": "github"
      }
    },
    "flake-utils": {
      "inputs": {
        "systems": "systems"
      },
      "locked": {
        "lastModified": 1731533236,
        "narHash": "sha256-l0KFg5HjrsfsO/JpG+r7fRrqm12kzFHyUHqHCVpMMbI=",
        "owner": "numtide",
        "repo": "flake-utils",
        "rev": "11707dc2f618dd54ca8739b309ec4fc024de578b",
        "type": "github"
      },
      "original": {
        "owner": "numtide",
        "repo": "flake-utils",
        "type": "github"
      }
    },
    "macos-sdk": {
      "flake": false,
      "locked": {
        "lastModified": 1694769349,
        "narHash": "sha256-TEvVJy+NMPyzgWSk/6S29ZMQR+ICFxSdS3tw247uhFc=",
        "type": "tarball",
        "url": "https://github.com/roblabla/MacOSX-SDKs/releases/download/macosx14.0/MacOSX14.0.sdk.tar.xz"
      },
      "original": {
        "type": "tarball",
        "url": "https://github.com/roblabla/MacOSX-SDKs/releases/download/macosx14.0/MacOSX14.0.sdk.tar.xz"
      }
    },
    "nix-filter": {
      "locked": {
        "lastModified": 1757882181,
        "narHash": "sha256-+cCxYIh2UNalTz364p+QYmWHs0P+6wDhiWR4jDIKQIU=",
        "owner": "numtide",
        "repo": "nix-filter",
        "rev": "59c44d1909c72441144b93cf0f054be7fe764de5",
        "type": "github"
      },
      "original": {
        "owner": "numtide",
        "repo": "nix-filter",
        "type": "github"
      }
    },
    "nix-flake-tests": {
      "locked": {
        "lastModified": 1677844186,
        "narHash": "sha256-ErJZ/Gs1rxh561CJeWP5bohA2IcTq1rDneu1WT6CVII=",
        "owner": "antifuchs",
        "repo": "nix-flake-tests",
        "rev": "bbd9216bd0f6495bb961a8eb8392b7ef55c67afb",
        "type": "github"
      },
      "original": {
        "owner": "antifuchs",
        "repo": "nix-flake-tests",
        "type": "github"
      }
    },
    "nix-log": {
      "inputs": {
        "nix-flake-tests": "nix-flake-tests",
        "nixify": [
          "nixify"
        ],
        "nixlib": [
          "nixlib"
        ]
      },
      "locked": {
        "lastModified": 1755067742,
        "narHash": "sha256-eMGTFvsZUhfMMnlpvvW+lerCLoAFkntXg9X/3u1uUlI=",
        "owner": "rvolosatovs",
        "repo": "nix-log",
        "rev": "e85e73aeb90897c8e1bc44a6613d1ccba411a769",
        "type": "github"
      },
      "original": {
        "owner": "rvolosatovs",
        "repo": "nix-log",
        "type": "github"
      }
    },
    "nixify": {
      "inputs": {
        "advisory-db": "advisory-db",
        "crane": "crane",
        "fenix": "fenix",
        "flake-utils": "flake-utils",
        "macos-sdk": "macos-sdk",
        "nix-filter": "nix-filter",
        "nix-log": [
          "nix-log"
        ],
        "nixlib": [
          "nixlib"
        ],
        "nixpkgs-darwin": "nixpkgs-darwin",
        "nixpkgs-nixos": "nixpkgs-nixos",
        "rust-overlay": "rust-overlay"
      },
      "locked": {
        "lastModified": 1762173050,
        "narHash": "sha256-OAICLEQ6gBwkkeo30x230x7+pWevr5Tu2+mSMJc+HdU=",
        "owner": "rvolosatovs",
        "repo": "nixify",
        "rev": "6f1b19b388597fe8e9bb8d942bf88f26fdf541a6",
        "type": "github"
      },
      "original": {
        "owner": "rvolosatovs",
        "repo": "nixify",
        "type": "github"
      }
    },
    "nixlib": {
      "locked": {
        "lastModified": 1762045811,
        "narHash": "sha256-ObaNaUu4Ey117f3UWMQL7CN/QBEUPM9MiwGSG9piCL0=",
        "owner": "nix-community",
        "repo": "nixpkgs.lib",
        "rev": "e171c13eb1bfa148a2e5ed435768d5e89e235d0f",
        "type": "github"
      },
      "original": {
        "owner": "nix-community",
        "repo": "nixpkgs.lib",
        "type": "github"
      }
    },
    "nixpkgs-darwin": {
      "locked": {
        "lastModified": 1762102086,
        "narHash": "sha256-tTy/jZraXVtEmY3spQBJvkHYHZInoCStPsPHgqdSgII=",
        "owner": "nixos",
        "repo": "nixpkgs",
        "rev": "1b7e751db23cedcd3bf56dc5170840b8a7e752a2",
        "type": "github"
      },
      "original": {
        "owner": "nixos",
        "ref": "nixpkgs-25.05-darwin",
        "repo": "nixpkgs",
        "type": "github"
      }
    },
    "nixpkgs-nixos": {
      "locked": {
        "lastModified": 1761999846,
        "narHash": "sha256-IYlYnp4O4dzEpL77BD/lj5NnJy2J8qbHkNSFiPBCbqo=",
        "owner": "nixos",
        "repo": "nixpkgs",
        "rev": "3de8f8d73e35724bf9abef41f1bdbedda1e14a31",
        "type": "github"
      },
      "original": {
        "owner": "nixos",
        "ref": "nixos-25.05",
        "repo": "nixpkgs",
        "type": "github"
      }
    },
    "nixpkgs-unstable": {
      "locked": {
        "lastModified": 1762156382,
        "narHash": "sha256-Yg7Ag7ov5+36jEFC1DaZh/12SEXo6OO3/8rqADRxiqs=",
        "owner": "NixOS",
        "repo": "nixpkgs",
        "rev": "7241bcbb4f099a66aafca120d37c65e8dda32717",
        "type": "github"
      },
      "original": {
        "owner": "NixOS",
        "ref": "nixpkgs-unstable",
        "repo": "nixpkgs",
        "type": "github"
      }
    },
    "root": {
      "inputs": {
        "nix-log": "nix-log",
        "nixify": "nixify",
        "nixlib": "nixlib",
        "nixpkgs-unstable": "nixpkgs-unstable"
      }
    },
    "rust-analyzer-src": {
      "flake": false,
      "locked": {
        "lastModified": 1762016333,
        "narHash": "sha256-PT8hXDYyeRjh9BGyLF/nZWm9TqRwP2EzeKuqUFH0M3w=",
        "owner": "rust-lang",
        "repo": "rust-analyzer",
        "rev": "fca718c0f2074bdccf9a996bb37b0fcaff80dc97",
        "type": "github"
      },
      "original": {
        "owner": "rust-lang",
        "ref": "nightly",
        "repo": "rust-analyzer",
        "type": "github"
      }
    },
    "rust-overlay": {
      "inputs": {
        "nixpkgs": [
          "nixify",
          "nixpkgs-nixos"
        ]
      },
      "locked": {
        "lastModified": 1762051177,
        "narHash": "sha256-pESNTx/m3WnrYx+OujBtDP5Bj0/mAyHa4MgEwzkgkLE=",
        "owner": "oxalica",
        "repo": "rust-overlay",
        "rev": "08c33e87c4829bbdd42b5af247cf7a19e126369f",
        "type": "github"
      },
      "original": {
        "owner": "oxalica",
        "repo": "rust-overlay",
        "type": "github"
      }
    },
    "systems": {
      "locked": {
        "lastModified": 1681028828,
        "narHash": "sha256-Vy1rq5AaRuLzOxct8nz4T6wlgyUR7zLU309k9mBC768=",
        "owner": "nix-systems",
        "repo": "default",
        "rev": "da67096a3b9bf56a91d16901293e51ba5b49a27e",
        "type": "github"
      },
      "original": {
        "owner": "nix-systems",
        "repo": "default",
        "type": "github"
      }
    }
  },
  "root": "root",
  "version": 7
}
