{
  "nodes": {
    "advisory-db": {
      "flake": false,
      "locked": {
        "lastModified": 1733318068,
        "narHash": "sha256-liav7uY7CQLqOhmEKc6h0O5ldQBv+RgfndP9RF6W4po=",
        "owner": "rustsec",
        "repo": "advisory-db",
        "rev": "f34e88949c5a06c6a2e669ebc50d40cb7f66d050",
        "type": "github"
      },
      "original": {
        "owner": "rustsec",
        "repo": "advisory-db",
        "type": "github"
      }
    },
    "crane": {
      "locked": {
        "lastModified": 1733286231,
        "narHash": "sha256-mlIDSv1/jqWnH8JTiOV7GMUNPCXL25+6jmD+7hdxx5o=",
        "owner": "ipetkov",
        "repo": "crane",
        "rev": "af1556ecda8bcf305820f68ec2f9d77b41d9cc80",
        "type": "github"
      },
      "original": {
        "owner": "ipetkov",
        "repo": "crane",
        "type": "github"
      }
    },
    "fenix": {
      "inputs": {
        "nixpkgs": [
          "nixify",
          "nixpkgs-nixos"
        ],
        "rust-analyzer-src": "rust-analyzer-src"
      },
      "locked": {
        "lastModified": 1732689334,
        "narHash": "sha256-yKI1KiZ0+bvDvfPTQ1ZT3oP/nIu3jPYm4dnbRd6hYg4=",
        "owner": "nix-community",
        "repo": "fenix",
        "rev": "a8a983027ca02b363dfc82fbe3f7d9548a8d3dce",
        "type": "github"
      },
      "original": {
        "owner": "nix-community",
        "repo": "fenix",
        "type": "github"
      }
    },
    "flake-utils": {
      "inputs": {
        "systems": "systems"
      },
      "locked": {
        "lastModified": 1731533236,
        "narHash": "sha256-l0KFg5HjrsfsO/JpG+r7fRrqm12kzFHyUHqHCVpMMbI=",
        "owner": "numtide",
        "repo": "flake-utils",
        "rev": "11707dc2f618dd54ca8739b309ec4fc024de578b",
        "type": "github"
      },
      "original": {
        "owner": "numtide",
        "repo": "flake-utils",
        "type": "github"
      }
    },
    "macos-sdk": {
      "flake": false,
      "locked": {
        "lastModified": 1694769349,
        "narHash": "sha256-TEvVJy+NMPyzgWSk/6S29ZMQR+ICFxSdS3tw247uhFc=",
        "type": "tarball",
        "url": "https://github.com/roblabla/MacOSX-SDKs/releases/download/macosx14.0/MacOSX14.0.sdk.tar.xz"
      },
      "original": {
        "type": "tarball",
        "url": "https://github.com/roblabla/MacOSX-SDKs/releases/download/macosx14.0/MacOSX14.0.sdk.tar.xz"
      }
    },
    "nix-filter": {
      "locked": {
        "lastModified": 1731533336,
        "narHash": "sha256-oRam5PS1vcrr5UPgALW0eo1m/5/pls27Z/pabHNy2Ms=",
        "owner": "numtide",
        "repo": "nix-filter",
        "rev": "f7653272fd234696ae94229839a99b73c9ab7de0",
        "type": "github"
      },
      "original": {
        "owner": "numtide",
        "repo": "nix-filter",
        "type": "github"
      }
    },
    "nix-flake-tests": {
      "locked": {
        "lastModified": 1677844186,
        "narHash": "sha256-ErJZ/Gs1rxh561CJeWP5bohA2IcTq1rDneu1WT6CVII=",
        "owner": "antifuchs",
        "repo": "nix-flake-tests",
        "rev": "bbd9216bd0f6495bb961a8eb8392b7ef55c67afb",
        "type": "github"
      },
      "original": {
        "owner": "antifuchs",
        "repo": "nix-flake-tests",
        "type": "github"
      }
    },
    "nix-log": {
      "inputs": {
        "nix-flake-tests": "nix-flake-tests",
        "nixify": [
          "nixify"
        ],
        "nixlib": [
          "nixlib"
        ]
      },
      "locked": {
        "lastModified": 1732275245,
        "narHash": "sha256-HaG2NWJmxmGltlKSyvoROdajDKmMVjqEU6dK+nZ9ois=",
        "owner": "rvolosatovs",
        "repo": "nix-log",
        "rev": "420777992ad234cb1a1c9dafb9aa022526949e1f",
        "type": "github"
      },
      "original": {
        "owner": "rvolosatovs",
        "repo": "nix-log",
        "type": "github"
      }
    },
    "nixify": {
      "inputs": {
        "advisory-db": "advisory-db",
        "crane": "crane",
        "fenix": "fenix",
        "flake-utils": "flake-utils",
        "macos-sdk": "macos-sdk",
        "nix-filter": "nix-filter",
        "nix-log": [
          "nix-log"
        ],
        "nixlib": [
          "nixlib"
        ],
        "nixpkgs-darwin": "nixpkgs-darwin",
        "nixpkgs-nixos": "nixpkgs-nixos",
        "rust-overlay": "rust-overlay"
      },
      "locked": {
        "lastModified": 1733395650,
        "narHash": "sha256-UkP0zzHeHxOHdc4Y5OyJ79tpNc15lzhZI6iZUvkqsS8=",
        "owner": "rvolosatovs",
        "repo": "nixify",
        "rev": "1f261bc9c7dea014fdb0bbd1140617827b088c03",
        "type": "github"
      },
      "original": {
        "owner": "rvolosatovs",
        "repo": "nixify",
        "type": "github"
      }
    },
    "nixlib": {
      "locked": {
        "lastModified": 1733015484,
        "narHash": "sha256-qiyO0GrTvbp869U4VGX5GhAZ00fSiPXszvosY1AgKQ8=",
        "owner": "nix-community",
        "repo": "nixpkgs.lib",
        "rev": "0e4fdd4a0ab733276b6d2274ff84ae353f17129e",
        "type": "github"
      },
      "original": {
        "owner": "nix-community",
        "repo": "nixpkgs.lib",
        "type": "github"
      }
    },
    "nixpkgs-darwin": {
      "locked": {
        "lastModified": 1733326450,
        "narHash": "sha256-hBG6Ix5ZzXCJoanrPOLtQRalYv6nnDu9AZeamRfjKJ8=",
        "owner": "nixos",
        "repo": "nixpkgs",
        "rev": "f9ef77eb704d063bfbff7f04531a0b325cc1a18f",
        "type": "github"
      },
      "original": {
        "owner": "nixos",
        "ref": "nixpkgs-24.11-darwin",
        "repo": "nixpkgs",
        "type": "github"
      }
    },
    "nixpkgs-nixos": {
      "locked": {
        "lastModified": 1733261153,
        "narHash": "sha256-eq51hyiaIwtWo19fPEeE0Zr2s83DYMKJoukNLgGGpek=",
        "owner": "nixos",
        "repo": "nixpkgs",
        "rev": "b681065d0919f7eb5309a93cea2cfa84dec9aa88",
        "type": "github"
      },
      "original": {
        "owner": "nixos",
        "ref": "nixos-24.11",
        "repo": "nixpkgs",
        "type": "github"
      }
    },
    "root": {
      "inputs": {
        "nix-log": "nix-log",
        "nixify": "nixify",
        "nixlib": "nixlib"
      }
    },
    "rust-analyzer-src": {
      "flake": false,
      "locked": {
        "lastModified": 1732633904,
        "narHash": "sha256-7VKcoLug9nbAN2txqVksWHHJplqK9Ou8dXjIZAIYSGc=",
        "owner": "rust-lang",
        "repo": "rust-analyzer",
        "rev": "8d5e91c94f80c257ce6dbdfba7bd63a5e8a03fa6",
        "type": "github"
      },
      "original": {
        "owner": "rust-lang",
        "ref": "nightly",
        "repo": "rust-analyzer",
        "type": "github"
      }
    },
    "rust-overlay": {
      "inputs": {
        "nixpkgs": [
          "nixify",
          "nixpkgs-nixos"
        ]
      },
      "locked": {
        "lastModified": 1733279627,
        "narHash": "sha256-NCNDAGPkdFdu+DLErbmNbavmVW9AwkgP7azROFFSB0U=",
        "owner": "oxalica",
        "repo": "rust-overlay",
        "rev": "4da5a80ef76039e80468c902f1e9f5c0eab87d96",
        "type": "github"
      },
      "original": {
        "owner": "oxalica",
        "repo": "rust-overlay",
        "type": "github"
      }
    },
    "systems": {
      "locked": {
        "lastModified": 1681028828,
        "narHash": "sha256-Vy1rq5AaRuLzOxct8nz4T6wlgyUR7zLU309k9mBC768=",
        "owner": "nix-systems",
        "repo": "default",
        "rev": "da67096a3b9bf56a91d16901293e51ba5b49a27e",
        "type": "github"
      },
      "original": {
        "owner": "nix-systems",
        "repo": "default",
        "type": "github"
      }
    }
  },
  "root": "root",
  "version": 7
}
