[cli]
url = "https://github.com/WebAssembly/WASI/releases/download/v0.2.10/wasi-wit-0.2.10.tar.gz"
prefix = "wasi-wit-0.2.10/cli"
sha256 = "d05dd455b39a3c62e562919440216f1f0573620f3ed8fca907068931446c8b6f"
sha512 = "e45b07ae44c06039e8e5863422dd8975449d39950d51cd2124f67cba309f20cfd8bf3be676c1b44487459cab3fcab0e12fa6eba918ef7d1a3c2734e1c62fad77"

[clocks]
url = "https://github.com/WebAssembly/WASI/releases/download/v0.2.10/wasi-wit-0.2.10.tar.gz"
prefix = "wasi-wit-0.2.10/clocks"
sha256 = "f66f40b70e256da4f0054be4c60a7637250223852882d54923ed23fe45adb3ef"
sha512 = "1bd3ae2f63167aa91fee223fd31435eccc8b4bf28804690126dce6b305a42ea76cf94f1b0249d7a8ce65d301fc0a749d1b0e87d7bd85ef2c67f4baaee38e44c3"

[filesystem]
url = "https://github.com/WebAssembly/WASI/releases/download/v0.2.10/wasi-wit-0.2.10.tar.gz"
prefix = "wasi-wit-0.2.10/filesystem"
sha256 = "33b6ac25ec871c163812a420cf7a9ecd364884ca8f1ed6ee21248240fd46eb5d"
sha512 = "821773c1b124165159035b36e95c571e58cffbea3b627d35d23ebaf0115d679ab595847d4ea84b2d9711e61c54a18072c4c6a8a086dad88072e22a325462524d"

[http]
url = "https://github.com/WebAssembly/WASI/releases/download/v0.2.10/wasi-wit-0.2.10.tar.gz"
prefix = "wasi-wit-0.2.10/http"
sha256 = "94cb5422d8becbb9280eb848b08cc60564df37192c5633017f96a58fc963e825"
sha512 = "69365f69d856896ca131b96338483dbf371e86e17b8cff87ba35eec17c0c0c183e290c152a40f6809ab6ad13e884f939fbfff85b33e864b9cd50e89266ac3140"

[io]
url = "https://github.com/WebAssembly/WASI/releases/download/v0.2.10/wasi-wit-0.2.10.tar.gz"
prefix = "wasi-wit-0.2.10/io"
sha256 = "c5084b560473c21f79ea2afed03993df3e753980bbf0960b580623c9d9c307da"
sha512 = "ba90dae029e1f6da446962607431c71b3f32cbb8e392fcb63b017e69d41f45508edfb56bd1038a9a309da93789a84853edbc4eb5202b06b59c2da17e413266be"

[random]
url = "https://github.com/WebAssembly/WASI/releases/download/v0.2.10/wasi-wit-0.2.10.tar.gz"
prefix = "wasi-wit-0.2.10/random"
sha256 = "02eb1e6ec30939535d9583a98a35837928d86131f6c7866ee84f102772913e85"
sha512 = "6ecaa5eb3a927aa4e05818e2da0db996402c46a908c8c54eaa159f39ac8cbe0bdd46771ba851b36217fd876455d569eb3793fe80d33077015c1f66e37e8b65d9"

[sockets]
url = "https://github.com/WebAssembly/WASI/releases/download/v0.2.10/wasi-wit-0.2.10.tar.gz"
prefix = "wasi-wit-0.2.10/sockets"
sha256 = "516f54669a615cc5ee41d840446182929efc61d9673ba9afff979a241e3bf87c"
sha512 = "d1ec6c12ae8cdf45b8ff9c6bc0c8a010e372f5e78ab1baf6e6931be8bd1565e69e6d93a5213c524b0bdb3a9430b305d95d1fa748a7ab56b60c2ac77292f1b28a"
